
Microsoft Visual Studio Solution File, Format Version 12.00
# Visual Studio Version 16
VisualStudioVersion = 16.0.30907.101
MinimumVisualStudioVersion = 10.0.40219.1
Project("{FAE04EC0-301F-11D3-BF4B-00C04F79EFBC}") = "zgadnijliczbę", "zgadnijliczbę\zgadnijliczbę.csproj", "{3C8C4880-26C8-4716-8086-983514B9C5F1}"
EndProject
Global
	GlobalSection(SolutionConfigurationPlatforms) = preSolution
		Debug|Any CPU = Debug|Any CPU
		Release|Any CPU = Release|Any CPU
	EndGlobalSection
	GlobalSection(ProjectConfigurationPlatforms) = postSolution
		{3C8C4880-26C8-4716-8086-983514B9C5F1}.Debug|Any CPU.ActiveCfg = Debug|Any CPU
		{3C8C4880-26C8-4716-8086-983514B9C5F1}.Debug|Any CPU.Build.0 = Debug|Any CPU
		{3C8C4880-26C8-4716-8086-983514B9C5F1}.Release|Any CPU.ActiveCfg = Release|Any CPU
		{3C8C4880-26C8-4716-8086-983514B9C5F1}.Release|Any CPU.Build.0 = Release|Any CPU
	EndGlobalSection
	GlobalSection(SolutionProperties) = preSolution
		HideSolutionNode = FALSE
	EndGlobalSection
	GlobalSection(ExtensibilityGlobals) = postSolution
		SolutionGuid = {74350EBB-9C96-4B0A-8323-72DBDA283653}
	EndGlobalSection
EndGlobal
